Microsoft Visual Studio Solution File, Format Version 9.00
# Visual Studio 2005
Project("{FAE04EC0-301F-11D3-BF4B-00C04F79EFBC}") = "CustomXRLine", "CustomXRLine\CustomXRLine.csproj", "{76D09A8D-0C95-4382-9AB9-E5C7ACB2924A}"
EndProject
Global
	GlobalSection(SolutionConfigurationPlatforms) = preSolution
		Debug|Any CPU = Debug|Any CPU
		Release|Any CPU = Release|Any CPU
	EndGlobalSection
	GlobalSection(ProjectConfigurationPlatforms) = postSolution
		{76D09A8D-0C95-4382-9AB9-E5C7ACB2924A}.Debug|Any CPU.ActiveCfg = Debug|Any CPU
		{76D09A8D-0C95-4382-9AB9-E5C7ACB2924A}.Debug|Any CPU.Build.0 = Debug|Any CPU
		{76D09A8D-0C95-4382-9AB9-E5C7ACB2924A}.Release|Any CPU.ActiveCfg = Release|Any CPU
		{76D09A8D-0C95-4382-9AB9-E5C7ACB2924A}.Release|Any CPU.Build.0 = Release|Any CPU
	EndGlobalSection
	GlobalSection(SolutionProperties) = preSolution
		HideSolutionNode = FALSE
	EndGlobalSection
EndGlobal
